{
  "version": 4,
  "terraform_version": "1.12.2",
  "serial": 2,
  "lineage": "e138f575-17ce-51e0-f45f-6b0fdcb14a68",
  "outputs": {
    "datadog_user_user_bfe873e1-5687-11f0-a0a3-ce3e376c4195_id": {
      "value": "bfe873e1-5687-11f0-a0a3-ce3e376c4195",
      "type": "string"
    },
    "datadog_user_user_d430e413-5678-11f0-a794-ea9d16548a75_id": {
      "value": "d430e413-5678-11f0-a794-ea9d16548a75",
      "type": "string"
    },
    "datadog_user_user_d58253f4-5678-11f0-ba2c-462526cde661_id": {
      "value": "d58253f4-5678-11f0-ba2c-462526cde661",
      "type": "string"
    }
  },
  "resources": [
    {
      "mode": "managed",
      "type": "datadog_user",
      "name": "user_bfe873e1-5687-11f0-a0a3-ce3e376c4195",
      "provider": "provider[\"registry.terraform.io/datadog/datadog\"]",
      "instances": [
        {
          "schema_version": 0,
          "attributes_flat": {
            "disabled": "false",
            "email": "swanson.eric.m+dd_read@gmail.com",
            "id": "bfe873e1-5687-11f0-a0a3-ce3e376c4195",
            "name": "DD_READ",
            "roles.#": "1",
            "roles.0": "d420d5ec-5678-11f0-8b66-da7ad0900002",
            "verified": "true"
          },
          "sensitive_attributes": [],
          "identity_schema_version": 0
        }
      ]
    },
    {
      "mode": "managed",
      "type": "datadog_user",
      "name": "user_d430e413-5678-11f0-a794-ea9d16548a75",
      "provider": "provider[\"registry.terraform.io/datadog/datadog\"]",
      "instances": [
        {
          "schema_version": 0,
          "attributes_flat": {
            "disabled": "false",
            "email": "robot-datadog-learning-center-admin@datadoghq.com",
            "id": "d430e413-5678-11f0-a794-ea9d16548a75",
            "name": "",
            "roles.#": "1",
            "roles.0": "d4059688-5678-11f0-a7b6-da7ad0900002",
            "verified": "true"
          },
          "sensitive_attributes": [],
          "identity_schema_version": 0
        }
      ]
    },
    {
      "mode": "managed",
      "type": "datadog_user",
      "name": "user_d58253f4-5678-11f0-ba2c-462526cde661",
      "provider": "provider[\"registry.terraform.io/datadog/datadog\"]",
      "instances": [
        {
          "schema_version": 0,
          "attributes_flat": {
            "disabled": "false",
            "email": "1x0y3u4vi1@ddtraining.datadoghq.com",
            "id": "d58253f4-5678-11f0-ba2c-462526cde661",
            "name": "1x0y3u4vi1",
            "roles.#": "1",
            "roles.0": "d4059688-5678-11f0-a7b6-da7ad0900002",
            "verified": "true"
          },
          "sensitive_attributes": [],
          "identity_schema_version": 0
        }
      ]
    }
  ],
  "check_results": null
}
