{
  "version": 4,
  "terraform_version": "1.12.2",
  "serial": 2,
  "lineage": "88908ef7-d337-80ca-c09c-9770d7c077d0",
  "outputs": {
    "datadog_role_role_d4059688-5678-11f0-a7b6-da7ad0900002_id": {
      "value": "d4059688-5678-11f0-a7b6-da7ad0900002",
      "type": "string"
    },
    "datadog_role_role_d417a990-5678-11f0-a7b7-da7ad0900002_id": {
      "value": "d417a990-5678-11f0-a7b7-da7ad0900002",
      "type": "string"
    },
    "datadog_role_role_d420d5ec-5678-11f0-8b66-da7ad0900002_id": {
      "value": "d420d5ec-5678-11f0-8b66-da7ad0900002",
      "type": "string"
    }
  },
  "resources": [
    {
      "mode": "managed",
      "type": "datadog_role",
      "name": "role_d4059688-5678-11f0-a7b6-da7ad0900002",
      "provider": "provider[\"registry.terraform.io/datadog/datadog\"]",
      "instances": [
        {
          "schema_version": 0,
          "attributes_flat": {
            "id": "d4059688-5678-11f0-a7b6-da7ad0900002",
            "name": "Datadog Admin Role",
            "permission.#": "232",
            "permission.0.id": "020a563c-56a4-11ec-a982-da7ad0900002",
            "permission.0.name": "apm_pipelines_write",
            "permission.1.id": "04bc1cf2-340a-11eb-873a-43b973c760dd",
            "permission.1.name": "audit_logs_write",
            "permission.10.id": "12efc211-d36c-11eb-a9b8-da7ad0900002",
            "permission.10.name": "incident_write",
            "permission.100.id": "6c5c79b2-21a4-11ee-99ee-da7ad0900002",
            "permission.100.name": "agent_flare_collection",
            "permission.101.id": "6c5ce898-21a4-11ee-99ef-da7ad0900002",
            "permission.101.name": "observability_pipelines_delete",
            "permission.102.id": "6c5ce992-21a4-11ee-99f0-da7ad0900002",
            "permission.102.name": "observability_pipelines_deploy",
            "permission.103.id": "6c87d3da-e5c5-11ec-b1d6-da7ad0900002",
            "permission.103.name": "generate_dashboard_reports",
            "permission.104.id": "6f66600e-dd12-11e8-9e55-7f30fbb45e73",
            "permission.104.name": "logs_live_tail",
            "permission.105.id": "722ecc08-036d-11f0-8484-da7ad0900002",
            "permission.105.name": "cloudcraft_read",
            "permission.106.id": "7314eb20-aa58-11ea-95e2-6fb6e4a451d5",
            "permission.106.name": "security_monitoring_rules_read",
            "permission.107.id": "7605ef25-f376-11eb-b90b-da7ad0900002",
            "permission.107.name": "rum_session_replay_read",
            "permission.108.id": "77d55a44-7a5a-11ed-8abe-da7ad0900002",
            "permission.108.name": "apm_remote_configuration_read",
            "permission.109.id": "77d5f45e-7a5a-11ed-8abf-da7ad0900002",
            "permission.109.name": "apm_remote_configuration_write",
            "permission.11.id": "1377d9e4-0ec7-11ee-aebc-da7ad0900002",
            "permission.11.name": "quality_gate_rules_read",
            "permission.110.id": "7850e390-20da-11ee-bed6-da7ad0900002",
            "permission.110.name": "api_keys_delete",
            "permission.111.id": "785177a6-20da-11ee-bed7-da7ad0900002",
            "permission.111.name": "processes_generate_metrics",
            "permission.112.id": "7b1f5086-c59e-11ec-aa32-da7ad0900002",
            "permission.112.name": "aws_configurations_manage",
            "permission.113.id": "7b1f5087-c59e-11ec-aa32-da7ad0900002",
            "permission.113.name": "gcp_configurations_manage",
            "permission.114.id": "7b1f5088-c59e-11ec-aa32-da7ad0900002",
            "permission.114.name": "azure_configurations_manage",
            "permission.115.id": "7b1f5089-c59e-11ec-aa32-da7ad0900002",
            "permission.115.name": "manage_integrations",
            "permission.116.id": "7b516476-aa58-11ea-95e2-93718cd56369",
            "permission.116.name": "security_monitoring_rules_write",
            "permission.117.id": "7c7836fc-6f6e-11ee-8cdd-da7ad0900002",
            "permission.117.name": "debugger_capture_variables",
            "permission.118.id": "7d7c98ac-dd12-11e8-9e56-93700598622d",
            "permission.118.name": "logs_write_exclusion_filters",
            "permission.119.id": "7df222b6-a45c-11eb-a0af-da7ad0900002",
            "permission.119.name": "org_management",
            "permission.12.id": "1377ff28-0ec7-11ee-aebd-da7ad0900002",
            "permission.12.name": "quality_gate_rules_write",
            "permission.120.id": "8079f2e6-2724-11ee-84eb-da7ad0900002",
            "permission.120.name": "org_connections_read",
            "permission.121.id": "807a82d8-2724-11ee-84ec-da7ad0900002",
            "permission.121.name": "org_connections_write",
            "permission.122.id": "80de1ec0-aa58-11ea-95e2-aff381626d5d",
            "permission.122.name": "security_monitoring_signals_read",
            "permission.123.id": "80f0e58e-4bb4-11f0-af97-da7ad0900002",
            "permission.123.name": "cases_shared_settings_write",
            "permission.124.id": "8106300a-54f7-11eb-8cbc-7781a434a67b",
            "permission.124.name": "rum_apps_write",
            "permission.125.id": "811ac4ca-dd12-11e8-9e57-676a7f0beef9",
            "permission.125.name": "logs_write_pipelines",
            "permission.126.id": "8247acc4-7a4c-11ed-958f-da7ad0900002",
            "permission.126.name": "cases_read",
            "permission.127.id": "824851a6-7a4c-11ed-9590-da7ad0900002",
            "permission.127.name": "cases_write",
            "permission.128.id": "824e509c-7c5c-11ef-ba38-da7ad0900002",
            "permission.128.name": "security_monitoring_cws_agent_rules_actions",
            "permission.129.id": "8352cf04-f6ac-11ed-9ec7-da7ad0900002",
            "permission.129.name": "event_config_write",
            "permission.13.id": "1af86ce4-7823-11ea-93dc-d7cad1b1c6cb",
            "permission.13.name": "logs_read_data",
            "permission.130.id": "84aa3ae4-dd12-11e8-9e58-a373a514ccd0",
            "permission.130.name": "logs_write_processors",
            "permission.131.id": "87b00304-dd12-11e8-9e59-cbeb5f71f72f",
            "permission.131.name": "logs_write_archives",
            "permission.132.id": "8b6adbea-e8c8-11ef-9955-da7ad0900002",
            "permission.132.name": "serverless_aws_instrumentation_read",
            "permission.133.id": "8b6b780c-e8c8-11ef-9956-da7ad0900002",
            "permission.133.name": "serverless_aws_instrumentation_write",
            "permission.134.id": "8babfb74-a90e-11ef-b4c3-da7ad0900002",
            "permission.134.name": "security_comments_write",
            "permission.135.id": "8baca0ba-a90e-11ef-b4c4-da7ad0900002",
            "permission.135.name": "security_comments_read",
            "permission.136.id": "8c3a9cde-0973-11ef-a2be-da7ad0900002",
            "permission.136.name": "llm_observability_read",
            "permission.137.id": "8da487f0-d2af-11ef-91c8-da7ad0900002",
            "permission.137.name": "logs_read_config",
            "permission.138.id": "8e4d6b6e-5750-11ec-a9f4-da7ad0900002",
            "permission.138.name": "apm_pipelines_read",
            "permission.139.id": "945b3bb4-5884-11ec-aa6d-da7ad0900002",
            "permission.139.name": "observability_pipelines_read",
            "permission.14.id": "1afff448-d5e9-11ec-ae37-da7ad0900002",
            "permission.14.name": "usage_notifications_read",
            "permission.140.id": "945b3bb5-5884-11ec-aa6d-da7ad0900002",
            "permission.140.name": "observability_pipelines_write",
            "permission.141.id": "961a20c4-e813-11ef-812f-da7ad0900002",
            "permission.141.name": "process_tags_read",
            "permission.142.id": "961a9c48-e813-11ef-8130-da7ad0900002",
            "permission.142.name": "process_tags_write",
            "permission.143.id": "961ab99e-e813-11ef-8131-da7ad0900002",
            "permission.143.name": "network_connections_read",
            "permission.144.id": "9727b526-2530-11f0-aa8f-da7ad0900002",
            "permission.144.name": "bits_investigations_read",
            "permission.145.id": "97971c1c-e895-11eb-b13c-da7ad0900002",
            "permission.145.name": "appsec_event_rule_read",
            "permission.146.id": "97971c1d-e895-11eb-b13c-da7ad0900002",
            "permission.146.name": "appsec_event_rule_write",
            "permission.147.id": "979df720-aed7-11e9-99c6-a7eb8373165a",
            "permission.147.name": "logs_generate_metrics",
            "permission.148.id": "98b984f4-b16d-11eb-a2c6-da7ad0900002",
            "permission.148.name": "security_monitoring_filters_read",
            "permission.149.id": "98b984f5-b16d-11eb-a2c6-da7ad0900002",
            "permission.149.name": "security_monitoring_filters_write",
            "permission.15.id": "1afff449-d5e9-11ec-ae37-da7ad0900002",
            "permission.15.name": "usage_notifications_write",
            "permission.150.id": "99474cc2-5a12-11ed-b547-da7ad0900002",
            "permission.150.name": "apps_run",
            "permission.151.id": "9948271e-5a12-11ed-b548-da7ad0900002",
            "permission.151.name": "apps_write",
            "permission.152.id": "9ac1d8cc-e707-11ea-aa2d-73d37e989a9d",
            "permission.152.name": "user_access_invite",
            "permission.153.id": "9c6b2fd2-2160-11f0-a4bc-da7ad0900002",
            "permission.153.name": "ndm_devices_read",
            "permission.154.id": "9c6bdd74-2160-11f0-a4bd-da7ad0900002",
            "permission.154.name": "ndm_device_tags_write",
            "permission.155.id": "9c6bfe80-2160-11f0-a4be-da7ad0900002",
            "permission.155.name": "orchestration_workload_scaling_read",
            "permission.156.id": "9de604d8-e707-11ea-aa2d-93f1a783b3a3",
            "permission.156.name": "user_access_manage",
            "permission.157.id": "a2862964-f611-11ef-850c-da7ad0900002",
            "permission.157.name": "coterm_write",
            "permission.158.id": "a2869476-f611-11ef-850d-da7ad0900002",
            "permission.158.name": "coterm_read",
            "permission.159.id": "a42e94b2-1476-11eb-bd08-efda28c04248",
            "permission.159.name": "service_account_write",
            "permission.16.id": "1b572396-ba15-11ee-9e19-da7ad0900002",
            "permission.16.name": "integrations_read",
            "permission.160.id": "a4316eb8-f438-11ed-8af2-da7ad0900002",
            "permission.160.name": "event_correlation_config_read",
            "permission.161.id": "a431bf12-f438-11ed-8af3-da7ad0900002",
            "permission.161.name": "event_correlation_config_write",
            "permission.162.id": "a51b375a-ff73-11ed-8c18-da7ad0900002",
            "permission.162.name": "host_tags_write",
            "permission.163.id": "a773e3d8-fff2-11ed-965c-da7ad0900002",
            "permission.163.name": "cloud_cost_management_read",
            "permission.164.id": "a77452c8-fff2-11ed-965d-da7ad0900002",
            "permission.164.name": "cloud_cost_management_write",
            "permission.165.id": "a82d01ce-e228-11ee-870e-da7ad0900002",
            "permission.165.name": "rum_extend_retention",
            "permission.166.id": "a8c986a6-989a-11ef-873e-da7ad0900002",
            "permission.166.name": "disaster_recovery_status_read",
            "permission.167.id": "a8ca1fda-989a-11ef-873f-da7ad0900002",
            "permission.167.name": "disaster_recovery_status_write",
            "permission.168.id": "a91ee0ba-8184-11ef-ac5a-da7ad0900002",
            "permission.168.name": "rum_retention_filters_read",
            "permission.169.id": "a91f5112-8184-11ef-ac5b-da7ad0900002",
            "permission.169.name": "rum_retention_filters_write",
            "permission.17.id": "1b8f54cc-2ca4-11ee-9e72-da7ad0900002",
            "permission.17.name": "facets_write",
            "permission.170.id": "ad8b4c4a-5990-11ef-b34b-da7ad0900002",
            "permission.170.name": "llm_observability_write",
            "permission.171.id": "b1ad77e6-0949-11ee-b2c3-da7ad0900002",
            "permission.171.name": "appsec_vm_write",
            "permission.172.id": "b1adb5da-0949-11ee-b2c4-da7ad0900002",
            "permission.172.name": "reference_tables_write",
            "permission.173.id": "b1adb6e8-0949-11ee-b2c5-da7ad0900002",
            "permission.173.name": "rum_delete_data",
            "permission.174.id": "b382b982-8535-11ea-93de-2bf1bdf20798",
            "permission.174.name": "logs_read_archives",
            "permission.175.id": "b6bf9ac7-9a59-11ec-8480-da7ad0900002",
            "permission.175.name": "notebooks_write",
            "permission.176.id": "bc3f9ed4-8a3d-11ef-b5a4-da7ad0900002",
            "permission.176.name": "ddsql_editor_read",
            "permission.177.id": "bccba216-cd37-11ef-b636-da7ad0900002",
            "permission.177.name": "audience_management_read",
            "permission.178.id": "bccc2ee8-cd37-11ef-b637-da7ad0900002",
            "permission.178.name": "audience_management_write",
            "permission.179.id": "bdc2acbe-7c1f-11ef-b362-da7ad0900002",
            "permission.179.name": "connection_groups_read",
            "permission.18.id": "1c23f168-da90-11ef-910a-da7ad0900002",
            "permission.18.name": "on_call_read",
            "permission.180.id": "bdda0cea-c1f0-11ee-b427-da7ad0900002",
            "permission.180.name": "apm_api_catalog_read",
            "permission.181.id": "bdda759a-c1f0-11ee-b428-da7ad0900002",
            "permission.181.name": "apm_api_catalog_write",
            "permission.182.id": "bf0dcf7c-90af-11eb-9b82-da7ad0900002",
            "permission.182.name": "data_scanner_read",
            "permission.183.id": "bf0dcf7d-90af-11eb-9b82-da7ad0900002",
            "permission.183.name": "data_scanner_write",
            "permission.184.id": "bf4407e6-60ad-11ef-83c3-da7ad0900002",
            "permission.184.name": "apps_datastore_manage",
            "permission.185.id": "bf446b0a-60ad-11ef-83c4-da7ad0900002",
            "permission.185.name": "apps_datastore_read",
            "permission.186.id": "bf446e2a-60ad-11ef-83c5-da7ad0900002",
            "permission.186.name": "apps_datastore_write",
            "permission.187.id": "c13a2368-7d61-11ed-b5b7-da7ad0900002",
            "permission.187.name": "continuous_profiler_read",
            "permission.188.id": "c6d3a3e0-df47-11ef-abf4-da7ad0900002",
            "permission.188.name": "error_tracking_read",
            "permission.189.id": "c95412b8-16c7-11ec-85c0-da7ad0900002",
            "permission.189.name": "security_monitoring_notification_profiles_read",
            "permission.19.id": "1c248fc4-da90-11ef-910b-da7ad0900002",
            "permission.19.name": "on_call_write",
            "permission.190.id": "c95412b9-16c7-11ec-85c0-da7ad0900002",
            "permission.190.name": "security_monitoring_notification_profiles_write",
            "permission.191.id": "ca06b2b4-f5cd-11ee-9e77-da7ad0900002",
            "permission.191.name": "dora_settings_write",
            "permission.192.id": "ca6bfb3a-b44f-11ed-adb2-da7ad0900002",
            "permission.192.name": "security_monitoring_findings_read",
            "permission.193.id": "cb5a53dc-13aa-11ef-9749-da7ad0900002",
            "permission.193.name": "flex_logs_config_write",
            "permission.194.id": "cc8cd958-11eb-11ee-ade2-da7ad0900002",
            "permission.194.name": "metrics_metadata_write",
            "permission.195.id": "ce67705a-5419-11ef-8c73-da7ad0900002",
            "permission.195.name": "code_analysis_read",
            "permission.196.id": "ce67efb2-5419-11ef-8c74-da7ad0900002",
            "permission.196.name": "orchestration_workload_scaling_write",
            "permission.197.id": "ce892b8a-00ce-11ef-8fca-da7ad0900002",
            "permission.197.name": "agent_upgrade_write",
            "permission.198.id": "d90f6831-d3d8-11e9-a77a-4fd230ddbc6a",
            "permission.198.name": "dashboards_write",
            "permission.199.id": "d90f6832-d3d8-11e9-a77a-bf8a2607f864",
            "permission.199.name": "dashboards_public_share",
            "permission.2.id": "05a700c8-568d-11f0-a121-da7ad0900002",
            "permission.2.name": "actions_interface_run",
            "permission.20.id": "1c24b292-da90-11ef-910c-da7ad0900002",
            "permission.20.name": "on_call_page",
            "permission.200.id": "de0e73c2-3d23-11ee-aa7d-da7ad0900002",
            "permission.200.name": "security_monitoring_suppressions_read",
            "permission.201.id": "de0eb666-3d23-11ee-aa7e-da7ad0900002",
            "permission.201.name": "security_monitoring_suppressions_write",
            "permission.202.id": "e2310daa-08a9-11ef-8653-da7ad0900002",
            "permission.202.name": "aws_configuration_edit",
            "permission.203.id": "e23194fa-08a9-11ef-8654-da7ad0900002",
            "permission.203.name": "azure_configuration_edit",
            "permission.204.id": "e2319608-08a9-11ef-8655-da7ad0900002",
            "permission.204.name": "gcp_configuration_edit",
            "permission.205.id": "e231ca6a-08a9-11ef-8656-da7ad0900002",
            "permission.205.name": "oci_configuration_edit",
            "permission.206.id": "e35c06b0-966b-11ec-83c9-da7ad0900002",
            "permission.206.name": "logs_delete_data",
            "permission.207.id": "e540c5c8-3a65-11f0-8690-da7ad0900002",
            "permission.207.name": "code_coverage_read",
            "permission.208.id": "ebae5be2-9d16-11ef-9394-da7ad0900002",
            "permission.208.name": "rum_settings_write",
            "permission.209.id": "ebaf0448-9d16-11ef-9397-da7ad0900002",
            "permission.209.name": "test_optimization_read",
            "permission.21.id": "1d76ecfa-9771-11ed-9c2f-da7ad0900002",
            "permission.21.name": "teams_manage",
            "permission.210.id": "ebaf05ba-9d16-11ef-9398-da7ad0900002",
            "permission.210.name": "test_optimization_write",
            "permission.211.id": "edfd5e74-801f-11eb-96d8-da7ad0900002",
            "permission.211.name": "debugger_write",
            "permission.212.id": "edfd5e75-801f-11eb-96d8-da7ad0900002",
            "permission.212.name": "debugger_read",
            "permission.213.id": "ee68fba8-173a-11ed-b00b-da7ad0900002",
            "permission.213.name": "apm_service_catalog_read",
            "permission.214.id": "ee68fba9-173a-11ed-b00b-da7ad0900002",
            "permission.214.name": "apm_service_catalog_write",
            "permission.215.id": "f416b1ac-db3f-11ed-8027-da7ad0900002",
            "permission.215.name": "saved_views_write",
            "permission.216.id": "f416f55e-db3f-11ed-8028-da7ad0900002",
            "permission.216.name": "watchdog_alerts_write",
            "permission.217.id": "f4473c60-4792-11ec-a27b-da7ad0900002",
            "permission.217.name": "security_monitoring_cws_agent_rules_read",
            "permission.218.id": "f4473c61-4792-11ec-a27b-da7ad0900002",
            "permission.218.name": "security_monitoring_cws_agent_rules_write",
            "permission.219.id": "f5f475d4-0197-11ef-be1f-da7ad0900002",
            "permission.219.name": "continuous_profiler_pgo_read",
            "permission.22.id": "1d993a28-0ff9-11f0-9d18-da7ad0900002",
            "permission.22.name": "ndm_device_profiles_view",
            "permission.220.id": "f5f4d31c-0197-11ef-be20-da7ad0900002",
            "permission.220.name": "oci_configurations_manage",
            "permission.221.id": "f5f4e8fc-0197-11ef-be21-da7ad0900002",
            "permission.221.name": "aws_configuration_read",
            "permission.222.id": "f5f4e9a6-0197-11ef-be22-da7ad0900002",
            "permission.222.name": "azure_configuration_read",
            "permission.223.id": "f5f4ec44-0197-11ef-be23-da7ad0900002",
            "permission.223.name": "gcp_configuration_read",
            "permission.224.id": "f5f4f068-0197-11ef-be24-da7ad0900002",
            "permission.224.name": "oci_configuration_read",
            "permission.225.id": "f6e917a6-8502-11ec-bf20-da7ad0900002",
            "permission.225.name": "connections_read",
            "permission.226.id": "f6e917a7-8502-11ec-bf20-da7ad0900002",
            "permission.226.name": "connections_write",
            "permission.227.id": "f6e917a8-8502-11ec-bf20-da7ad0900002",
            "permission.227.name": "workflows_read",
            "permission.228.id": "f6e917a9-8502-11ec-bf20-da7ad0900002",
            "permission.228.name": "workflows_run",
            "permission.229.id": "f6e917aa-8502-11ec-bf20-da7ad0900002",
            "permission.229.name": "workflows_write",
            "permission.23.id": "1d99b426-0ff9-11f0-9d19-da7ad0900002",
            "permission.23.name": "ndm_device_profiles_edit",
            "permission.230.id": "f8e941ce-e746-11ec-b22d-da7ad0900002",
            "permission.230.name": "slos_corrections",
            "permission.231.id": "f8e941d0-e746-11ec-b22d-da7ad0900002",
            "permission.231.name": "slos_write",
            "permission.24.id": "2108215e-b9b4-11ec-958e-da7ad0900002",
            "permission.24.name": "rum_generate_metrics",
            "permission.25.id": "263eff86-6925-11ee-acc0-da7ad0900002",
            "permission.25.name": "ndm_netflow_port_mappings_write",
            "permission.26.id": "26c79920-1703-11ec-85d2-da7ad0900002",
            "permission.26.name": "apm_generate_metrics",
            "permission.27.id": "2757c192-389a-11ef-b37c-da7ad0900002",
            "permission.27.name": "fleet_policies_write",
            "permission.28.id": "27583ae6-389a-11ef-b37d-da7ad0900002",
            "permission.28.name": "orchestration_custom_resource_definitions_write",
            "permission.29.id": "27b95c32-ccf1-11ee-ae65-da7ad0900002",
            "permission.29.name": "containers_generate_image_metrics",
            "permission.3.id": "07c3c146-f7f8-11ea-acf6-0bd62b9ae60e",
            "permission.3.name": "logs_write_historical_view",
            "permission.30.id": "2fbdac76-f923-11ea-adbc-07f3823e2b43",
            "permission.30.name": "audit_logs_read",
            "permission.31.id": "35dd33ea-ca2e-11ed-bca0-da7ad0900002",
            "permission.31.name": "ci_ingestion_control_write",
            "permission.32.id": "36bf3d0a-ccc0-11ed-9453-da7ad0900002",
            "permission.32.name": "error_tracking_write",
            "permission.33.id": "36e2a22e-248a-11ed-b405-da7ad0900002",
            "permission.33.name": "connections_resolve",
            "permission.34.id": "37236de4-34eb-11f0-9f9b-da7ad0900002",
            "permission.34.name": "orchestration_autoscaling_manage",
            "permission.35.id": "372896c4-f923-11ea-adbc-4fecd107156d",
            "permission.35.name": "api_keys_read",
            "permission.36.id": "3a48350c-f9bc-11ed-b81c-da7ad0900002",
            "permission.36.name": "security_monitoring_findings_write",
            "permission.37.id": "3c4eb438-2693-11f0-8a2e-da7ad0900002",
            "permission.37.name": "sheets_read",
            "permission.38.id": "3c4f1a0e-2693-11f0-8a2f-da7ad0900002",
            "permission.38.name": "sheets_write",
            "permission.39.id": "3cf14194-2298-11ef-9d71-da7ad0900002",
            "permission.39.name": "reference_tables_read",
            "permission.4.id": "09e34b76-a6b4-11ef-8ab9-da7ad0900002",
            "permission.4.name": "test_optimization_settings_write",
            "permission.40.id": "3e4d4d28-f923-11ea-adbc-e3565938c12e",
            "permission.40.name": "api_keys_write",
            "permission.41.id": "43fa188e-2dce-11eb-84c0-835ad1fd6287",
            "permission.41.name": "apm_retention_filter_read",
            "permission.42.id": "4628ca54-f923-11ea-adbc-4b2b7f88c5e9",
            "permission.42.name": "synthetics_global_variable_read",
            "permission.43.id": "465cfe66-2dce-11eb-84c0-6baa888239fa",
            "permission.43.name": "apm_retention_filter_write",
            "permission.44.id": "46a301da-ec5c-11ea-aa9f-73bedeab67ee",
            "permission.44.name": "user_app_keys",
            "permission.45.id": "46a301db-ec5c-11ea-aa9f-2fe72193d60e",
            "permission.45.name": "org_app_keys_read",
            "permission.46.id": "46a301dc-ec5c-11ea-aa9f-13b33f8f46ea",
            "permission.46.name": "org_app_keys_write",
            "permission.47.id": "46a301dd-ec5c-11ea-aa9f-97edfb345bc9",
            "permission.47.name": "synthetics_private_location_read",
            "permission.48.id": "46a301de-ec5c-11ea-aa9f-a73252c24806",
            "permission.48.name": "synthetics_private_location_write",
            "permission.49.id": "46a301df-ec5c-11ea-aa9f-970a9ae645e5",
            "permission.49.name": "billing_read",
            "permission.5.id": "0efeff18-1cec-11ee-992d-da7ad0900002",
            "permission.5.name": "rum_playlist_write",
            "permission.50.id": "46a301e0-ec5c-11ea-aa9f-6ba6cc675d8c",
            "permission.50.name": "billing_edit",
            "permission.51.id": "46a301e1-ec5c-11ea-aa9f-afa39f6f3e36",
            "permission.51.name": "usage_read",
            "permission.52.id": "46a301e2-ec5c-11ea-aa9f-1f511b7305fd",
            "permission.52.name": "usage_edit",
            "permission.53.id": "46a301e4-ec5c-11ea-aa9f-87282b3a50cc",
            "permission.53.name": "metric_tags_write",
            "permission.54.id": "4784b11c-f311-11ec-a5f5-da7ad0900002",
            "permission.54.name": "monitor_config_policy_write",
            "permission.55.id": "479d4934-79e2-11ef-98d5-da7ad0900002",
            "permission.55.name": "quality_gates_evaluations_read",
            "permission.56.id": "48ef71ea-d8b1-11e9-a77a-93f408470ad0",
            "permission.56.name": "monitors_write",
            "permission.57.id": "4916eebe-2dce-11eb-84c0-271cb2c672e8",
            "permission.57.name": "apm_service_ingest_read",
            "permission.58.id": "4ada6e36-f923-11ea-adbc-0788e5c5e3cf",
            "permission.58.name": "synthetics_global_variable_write",
            "permission.59.id": "4d87d5f8-d8b1-11e9-a77a-eb9c8350d04f",
            "permission.59.name": "monitors_downtime",
            "permission.6.id": "10091e90-984b-11ee-9b68-da7ad0900002",
            "permission.6.name": "error_tracking_exclusion_filters_write",
            "permission.60.id": "4dc3eec6-b468-11ed-8539-da7ad0900002",
            "permission.60.name": "incident_notification_settings_read",
            "permission.61.id": "4dc4094c-b468-11ed-853a-da7ad0900002",
            "permission.61.name": "incident_notification_settings_write",
            "permission.62.id": "4e3f02b4-2dce-11eb-84c0-2fca946a6efc",
            "permission.62.name": "apm_service_ingest_write",
            "permission.63.id": "4e61a95e-de98-11ed-aa23-da7ad0900002",
            "permission.63.name": "client_tokens_read",
            "permission.64.id": "4e61ea18-de98-11ed-aa24-da7ad0900002",
            "permission.64.name": "client_tokens_write",
            "permission.65.id": "4ee5731c-55d9-11ed-b10b-da7ad0900002",
            "permission.65.name": "appsec_activation_read",
            "permission.66.id": "4ee60688-55d9-11ed-b10c-da7ad0900002",
            "permission.66.name": "appsec_activation_write",
            "permission.67.id": "4ee674f6-55d9-11ed-b10d-da7ad0900002",
            "permission.67.name": "appsec_protect_read",
            "permission.68.id": "4ee7e46c-55d9-11ed-b10e-da7ad0900002",
            "permission.68.name": "appsec_protect_write",
            "permission.69.id": "5025ee24-f923-11ea-adbc-576ea241df8d",
            "permission.69.name": "synthetics_read",
            "permission.7.id": "10098bc8-984b-11ee-9b69-da7ad0900002",
            "permission.7.name": "error_tracking_settings_write",
            "permission.70.id": "503d01ea-751b-11ef-85ac-da7ad0900002",
            "permission.70.name": "connection_groups_write",
            "permission.71.id": "50c173fc-e54d-11ee-bb23-da7ad0900002",
            "permission.71.name": "on_prem_runner_read",
            "permission.72.id": "50c1dd10-e54d-11ee-bb24-da7ad0900002",
            "permission.72.name": "on_prem_runner_use",
            "permission.73.id": "50c1e0b2-e54d-11ee-bb25-da7ad0900002",
            "permission.73.name": "on_prem_runner_write",
            "permission.74.id": "5356dfd2-3dee-11ee-b07b-da7ad0900002",
            "permission.74.name": "static_analysis_settings_write",
            "permission.75.id": "5377e20c-6563-11ef-bd11-da7ad0900002",
            "permission.75.name": "observability_pipelines_capture_read",
            "permission.76.id": "53784710-6563-11ef-bd12-da7ad0900002",
            "permission.76.name": "observability_pipelines_capture_write",
            "permission.77.id": "53950c54-2dce-11eb-84c0-a79ae108f6f8",
            "permission.77.name": "apm_apdex_manage_write",
            "permission.78.id": "55f4b5ec-f923-11ea-adbc-1bfa2334a755",
            "permission.78.name": "synthetics_write",
            "permission.79.id": "58b412cc-ff6d-11eb-bc9c-da7ad0900002",
            "permission.79.name": "security_monitoring_signals_write",
            "permission.8.id": "12efc20f-d36c-11eb-a9b8-da7ad0900002",
            "permission.8.name": "incident_settings_read",
            "permission.80.id": "5b2c3e28-1761-11ed-b018-da7ad0900002",
            "permission.80.name": "logs_write_forwarding_rules",
            "permission.81.id": "5bc0cdea-b732-11ef-b2f0-da7ad0900002",
            "permission.81.name": "dashboards_invite_share",
            "permission.82.id": "5bc15422-b732-11ef-b2f1-da7ad0900002",
            "permission.82.name": "dashboards_embed_share",
            "permission.83.id": "5bc15562-b732-11ef-b2f2-da7ad0900002",
            "permission.83.name": "embeddable_graphs_share",
            "permission.84.id": "5c6b88e2-f923-11ea-adbc-abf57d079420",
            "permission.84.name": "synthetics_default_settings_read",
            "permission.85.id": "5cbe5f9c-2dce-11eb-84c0-872d3e9f1076",
            "permission.85.name": "apm_tag_management_write",
            "permission.86.id": "5dffba8a-66f6-11ef-8976-da7ad0900002",
            "permission.86.name": "security_pipelines_read",
            "permission.87.id": "5e0024fc-66f6-11ef-8977-da7ad0900002",
            "permission.87.name": "security_pipelines_write",
            "permission.88.id": "5e605652-dd12-11e8-9e53-375565b8970e",
            "permission.88.name": "logs_read_index_data",
            "permission.89.id": "61765026-2dce-11eb-84c0-833e230d1b8f",
            "permission.89.name": "apm_primary_operation_write",
            "permission.9.id": "12efc210-d36c-11eb-a9b8-da7ad0900002",
            "permission.9.name": "incident_settings_write",
            "permission.90.id": "61f9891a-0070-11ee-9c3f-da7ad0900002",
            "permission.90.name": "ci_visibility_pipelines_write",
            "permission.91.id": "62cc036c-dd12-11e8-9e54-db9995643092",
            "permission.91.name": "logs_modify_indexes",
            "permission.92.id": "642eebe6-f923-11ea-adbc-eb617674ea04",
            "permission.92.name": "synthetics_default_settings_write",
            "permission.93.id": "6595b70a-b7fe-11ef-977d-da7ad0900002",
            "permission.93.name": "logs_read_workspaces",
            "permission.94.id": "6596753c-b7fe-11ef-977e-da7ad0900002",
            "permission.94.name": "logs_write_workspaces",
            "permission.95.id": "66c075bc-e296-11ef-bba7-da7ad0900002",
            "permission.95.name": "on_call_respond",
            "permission.96.id": "6ba32d22-0e1a-11eb-ba44-bf9a5aafaa39",
            "permission.96.name": "logs_write_facets",
            "permission.97.id": "6c59ae72-7aff-11ed-a5cc-da7ad0900002",
            "permission.97.name": "ci_provider_settings_write",
            "permission.98.id": "6c5b7428-7aff-11ed-a5ce-da7ad0900002",
            "permission.98.name": "ci_visibility_settings_write",
            "permission.99.id": "6c5c1090-7aff-11ed-a5cf-da7ad0900002",
            "permission.99.name": "ci_visibility_write",
            "user_count": "2"
          },
          "sensitive_attributes": [],
          "identity_schema_version": 0
        }
      ]
    },
    {
      "mode": "managed",
      "type": "datadog_role",
      "name": "role_d417a990-5678-11f0-a7b7-da7ad0900002",
      "provider": "provider[\"registry.terraform.io/datadog/datadog\"]",
      "instances": [
        {
          "schema_version": 0,
          "attributes_flat": {
            "id": "d417a990-5678-11f0-a7b7-da7ad0900002",
            "name": "Datadog Standard Role",
            "permission.#": "178",
            "permission.0.id": "05a700c8-568d-11f0-a121-da7ad0900002",
            "permission.0.name": "actions_interface_run",
            "permission.1.id": "07c3c146-f7f8-11ea-acf6-0bd62b9ae60e",
            "permission.1.name": "logs_write_historical_view",
            "permission.10.id": "1b8f54cc-2ca4-11ee-9e72-da7ad0900002",
            "permission.10.name": "facets_write",
            "permission.100.id": "945b3bb4-5884-11ec-aa6d-da7ad0900002",
            "permission.100.name": "observability_pipelines_read",
            "permission.101.id": "945b3bb5-5884-11ec-aa6d-da7ad0900002",
            "permission.101.name": "observability_pipelines_write",
            "permission.102.id": "961a20c4-e813-11ef-812f-da7ad0900002",
            "permission.102.name": "process_tags_read",
            "permission.103.id": "961a9c48-e813-11ef-8130-da7ad0900002",
            "permission.103.name": "process_tags_write",
            "permission.104.id": "961ab99e-e813-11ef-8131-da7ad0900002",
            "permission.104.name": "network_connections_read",
            "permission.105.id": "9727b526-2530-11f0-aa8f-da7ad0900002",
            "permission.105.name": "bits_investigations_read",
            "permission.106.id": "97971c1c-e895-11eb-b13c-da7ad0900002",
            "permission.106.name": "appsec_event_rule_read",
            "permission.107.id": "97971c1d-e895-11eb-b13c-da7ad0900002",
            "permission.107.name": "appsec_event_rule_write",
            "permission.108.id": "979df720-aed7-11e9-99c6-a7eb8373165a",
            "permission.108.name": "logs_generate_metrics",
            "permission.109.id": "98b984f4-b16d-11eb-a2c6-da7ad0900002",
            "permission.109.name": "security_monitoring_filters_read",
            "permission.11.id": "1c23f168-da90-11ef-910a-da7ad0900002",
            "permission.11.name": "on_call_read",
            "permission.110.id": "99474cc2-5a12-11ed-b547-da7ad0900002",
            "permission.110.name": "apps_run",
            "permission.111.id": "9948271e-5a12-11ed-b548-da7ad0900002",
            "permission.111.name": "apps_write",
            "permission.112.id": "9ac1d8cc-e707-11ea-aa2d-73d37e989a9d",
            "permission.112.name": "user_access_invite",
            "permission.113.id": "9c6b2fd2-2160-11f0-a4bc-da7ad0900002",
            "permission.113.name": "ndm_devices_read",
            "permission.114.id": "9c6bdd74-2160-11f0-a4bd-da7ad0900002",
            "permission.114.name": "ndm_device_tags_write",
            "permission.115.id": "9c6bfe80-2160-11f0-a4be-da7ad0900002",
            "permission.115.name": "orchestration_workload_scaling_read",
            "permission.116.id": "a2862964-f611-11ef-850c-da7ad0900002",
            "permission.116.name": "coterm_write",
            "permission.117.id": "a2869476-f611-11ef-850d-da7ad0900002",
            "permission.117.name": "coterm_read",
            "permission.118.id": "a4316eb8-f438-11ed-8af2-da7ad0900002",
            "permission.118.name": "event_correlation_config_read",
            "permission.119.id": "a431bf12-f438-11ed-8af3-da7ad0900002",
            "permission.119.name": "event_correlation_config_write",
            "permission.12.id": "1c248fc4-da90-11ef-910b-da7ad0900002",
            "permission.12.name": "on_call_write",
            "permission.120.id": "a51b375a-ff73-11ed-8c18-da7ad0900002",
            "permission.120.name": "host_tags_write",
            "permission.121.id": "a773e3d8-fff2-11ed-965c-da7ad0900002",
            "permission.121.name": "cloud_cost_management_read",
            "permission.122.id": "a77452c8-fff2-11ed-965d-da7ad0900002",
            "permission.122.name": "cloud_cost_management_write",
            "permission.123.id": "a8c986a6-989a-11ef-873e-da7ad0900002",
            "permission.123.name": "disaster_recovery_status_read",
            "permission.124.id": "a91ee0ba-8184-11ef-ac5a-da7ad0900002",
            "permission.124.name": "rum_retention_filters_read",
            "permission.125.id": "a91f5112-8184-11ef-ac5b-da7ad0900002",
            "permission.125.name": "rum_retention_filters_write",
            "permission.126.id": "b1ad77e6-0949-11ee-b2c3-da7ad0900002",
            "permission.126.name": "appsec_vm_write",
            "permission.127.id": "b1adb5da-0949-11ee-b2c4-da7ad0900002",
            "permission.127.name": "reference_tables_write",
            "permission.128.id": "b382b982-8535-11ea-93de-2bf1bdf20798",
            "permission.128.name": "logs_read_archives",
            "permission.129.id": "b6bf9ac7-9a59-11ec-8480-da7ad0900002",
            "permission.129.name": "notebooks_write",
            "permission.13.id": "1c24b292-da90-11ef-910c-da7ad0900002",
            "permission.13.name": "on_call_page",
            "permission.130.id": "bc3f9ed4-8a3d-11ef-b5a4-da7ad0900002",
            "permission.130.name": "ddsql_editor_read",
            "permission.131.id": "bccba216-cd37-11ef-b636-da7ad0900002",
            "permission.131.name": "audience_management_read",
            "permission.132.id": "bccc2ee8-cd37-11ef-b637-da7ad0900002",
            "permission.132.name": "audience_management_write",
            "permission.133.id": "bdc2acbe-7c1f-11ef-b362-da7ad0900002",
            "permission.133.name": "connection_groups_read",
            "permission.134.id": "bdda0cea-c1f0-11ee-b427-da7ad0900002",
            "permission.134.name": "apm_api_catalog_read",
            "permission.135.id": "bdda759a-c1f0-11ee-b428-da7ad0900002",
            "permission.135.name": "apm_api_catalog_write",
            "permission.136.id": "bf4407e6-60ad-11ef-83c3-da7ad0900002",
            "permission.136.name": "apps_datastore_manage",
            "permission.137.id": "bf446b0a-60ad-11ef-83c4-da7ad0900002",
            "permission.137.name": "apps_datastore_read",
            "permission.138.id": "bf446e2a-60ad-11ef-83c5-da7ad0900002",
            "permission.138.name": "apps_datastore_write",
            "permission.139.id": "c13a2368-7d61-11ed-b5b7-da7ad0900002",
            "permission.139.name": "continuous_profiler_read",
            "permission.14.id": "1d76ecfa-9771-11ed-9c2f-da7ad0900002",
            "permission.14.name": "teams_manage",
            "permission.140.id": "c6d3a3e0-df47-11ef-abf4-da7ad0900002",
            "permission.140.name": "error_tracking_read",
            "permission.141.id": "c95412b8-16c7-11ec-85c0-da7ad0900002",
            "permission.141.name": "security_monitoring_notification_profiles_read",
            "permission.142.id": "c95412b9-16c7-11ec-85c0-da7ad0900002",
            "permission.142.name": "security_monitoring_notification_profiles_write",
            "permission.143.id": "ca06b2b4-f5cd-11ee-9e77-da7ad0900002",
            "permission.143.name": "dora_settings_write",
            "permission.144.id": "ca6bfb3a-b44f-11ed-adb2-da7ad0900002",
            "permission.144.name": "security_monitoring_findings_read",
            "permission.145.id": "cc8cd958-11eb-11ee-ade2-da7ad0900002",
            "permission.145.name": "metrics_metadata_write",
            "permission.146.id": "ce67705a-5419-11ef-8c73-da7ad0900002",
            "permission.146.name": "code_analysis_read",
            "permission.147.id": "d90f6831-d3d8-11e9-a77a-4fd230ddbc6a",
            "permission.147.name": "dashboards_write",
            "permission.148.id": "d90f6832-d3d8-11e9-a77a-bf8a2607f864",
            "permission.148.name": "dashboards_public_share",
            "permission.149.id": "de0e73c2-3d23-11ee-aa7d-da7ad0900002",
            "permission.149.name": "security_monitoring_suppressions_read",
            "permission.15.id": "1d993a28-0ff9-11f0-9d18-da7ad0900002",
            "permission.15.name": "ndm_device_profiles_view",
            "permission.150.id": "de0eb666-3d23-11ee-aa7e-da7ad0900002",
            "permission.150.name": "security_monitoring_suppressions_write",
            "permission.151.id": "e2310daa-08a9-11ef-8653-da7ad0900002",
            "permission.151.name": "aws_configuration_edit",
            "permission.152.id": "e23194fa-08a9-11ef-8654-da7ad0900002",
            "permission.152.name": "azure_configuration_edit",
            "permission.153.id": "e2319608-08a9-11ef-8655-da7ad0900002",
            "permission.153.name": "gcp_configuration_edit",
            "permission.154.id": "e231ca6a-08a9-11ef-8656-da7ad0900002",
            "permission.154.name": "oci_configuration_edit",
            "permission.155.id": "e540c5c8-3a65-11f0-8690-da7ad0900002",
            "permission.155.name": "code_coverage_read",
            "permission.156.id": "ebaf0448-9d16-11ef-9397-da7ad0900002",
            "permission.156.name": "test_optimization_read",
            "permission.157.id": "ebaf05ba-9d16-11ef-9398-da7ad0900002",
            "permission.157.name": "test_optimization_write",
            "permission.158.id": "edfd5e75-801f-11eb-96d8-da7ad0900002",
            "permission.158.name": "debugger_read",
            "permission.159.id": "ee68fba8-173a-11ed-b00b-da7ad0900002",
            "permission.159.name": "apm_service_catalog_read",
            "permission.16.id": "2108215e-b9b4-11ec-958e-da7ad0900002",
            "permission.16.name": "rum_generate_metrics",
            "permission.160.id": "ee68fba9-173a-11ed-b00b-da7ad0900002",
            "permission.160.name": "apm_service_catalog_write",
            "permission.161.id": "f416b1ac-db3f-11ed-8027-da7ad0900002",
            "permission.161.name": "saved_views_write",
            "permission.162.id": "f416f55e-db3f-11ed-8028-da7ad0900002",
            "permission.162.name": "watchdog_alerts_write",
            "permission.163.id": "f4473c60-4792-11ec-a27b-da7ad0900002",
            "permission.163.name": "security_monitoring_cws_agent_rules_read",
            "permission.164.id": "f4473c61-4792-11ec-a27b-da7ad0900002",
            "permission.164.name": "security_monitoring_cws_agent_rules_write",
            "permission.165.id": "f5f475d4-0197-11ef-be1f-da7ad0900002",
            "permission.165.name": "continuous_profiler_pgo_read",
            "permission.166.id": "f5f4d31c-0197-11ef-be20-da7ad0900002",
            "permission.166.name": "oci_configurations_manage",
            "permission.167.id": "f5f4e8fc-0197-11ef-be21-da7ad0900002",
            "permission.167.name": "aws_configuration_read",
            "permission.168.id": "f5f4e9a6-0197-11ef-be22-da7ad0900002",
            "permission.168.name": "azure_configuration_read",
            "permission.169.id": "f5f4ec44-0197-11ef-be23-da7ad0900002",
            "permission.169.name": "gcp_configuration_read",
            "permission.17.id": "263eff86-6925-11ee-acc0-da7ad0900002",
            "permission.17.name": "ndm_netflow_port_mappings_write",
            "permission.170.id": "f5f4f068-0197-11ef-be24-da7ad0900002",
            "permission.170.name": "oci_configuration_read",
            "permission.171.id": "f6e917a6-8502-11ec-bf20-da7ad0900002",
            "permission.171.name": "connections_read",
            "permission.172.id": "f6e917a7-8502-11ec-bf20-da7ad0900002",
            "permission.172.name": "connections_write",
            "permission.173.id": "f6e917a8-8502-11ec-bf20-da7ad0900002",
            "permission.173.name": "workflows_read",
            "permission.174.id": "f6e917a9-8502-11ec-bf20-da7ad0900002",
            "permission.174.name": "workflows_run",
            "permission.175.id": "f6e917aa-8502-11ec-bf20-da7ad0900002",
            "permission.175.name": "workflows_write",
            "permission.176.id": "f8e941ce-e746-11ec-b22d-da7ad0900002",
            "permission.176.name": "slos_corrections",
            "permission.177.id": "f8e941d0-e746-11ec-b22d-da7ad0900002",
            "permission.177.name": "slos_write",
            "permission.18.id": "26c79920-1703-11ec-85d2-da7ad0900002",
            "permission.18.name": "apm_generate_metrics",
            "permission.19.id": "27583ae6-389a-11ef-b37d-da7ad0900002",
            "permission.19.name": "orchestration_custom_resource_definitions_write",
            "permission.2.id": "09e34b76-a6b4-11ef-8ab9-da7ad0900002",
            "permission.2.name": "test_optimization_settings_write",
            "permission.20.id": "27b95c32-ccf1-11ee-ae65-da7ad0900002",
            "permission.20.name": "containers_generate_image_metrics",
            "permission.21.id": "36bf3d0a-ccc0-11ed-9453-da7ad0900002",
            "permission.21.name": "error_tracking_write",
            "permission.22.id": "36e2a22e-248a-11ed-b405-da7ad0900002",
            "permission.22.name": "connections_resolve",
            "permission.23.id": "372896c4-f923-11ea-adbc-4fecd107156d",
            "permission.23.name": "api_keys_read",
            "permission.24.id": "3a48350c-f9bc-11ed-b81c-da7ad0900002",
            "permission.24.name": "security_monitoring_findings_write",
            "permission.25.id": "3c4eb438-2693-11f0-8a2e-da7ad0900002",
            "permission.25.name": "sheets_read",
            "permission.26.id": "3c4f1a0e-2693-11f0-8a2f-da7ad0900002",
            "permission.26.name": "sheets_write",
            "permission.27.id": "3cf14194-2298-11ef-9d71-da7ad0900002",
            "permission.27.name": "reference_tables_read",
            "permission.28.id": "43fa188e-2dce-11eb-84c0-835ad1fd6287",
            "permission.28.name": "apm_retention_filter_read",
            "permission.29.id": "4628ca54-f923-11ea-adbc-4b2b7f88c5e9",
            "permission.29.name": "synthetics_global_variable_read",
            "permission.3.id": "0efeff18-1cec-11ee-992d-da7ad0900002",
            "permission.3.name": "rum_playlist_write",
            "permission.30.id": "46a301da-ec5c-11ea-aa9f-73bedeab67ee",
            "permission.30.name": "user_app_keys",
            "permission.31.id": "46a301db-ec5c-11ea-aa9f-2fe72193d60e",
            "permission.31.name": "org_app_keys_read",
            "permission.32.id": "46a301dd-ec5c-11ea-aa9f-97edfb345bc9",
            "permission.32.name": "synthetics_private_location_read",
            "permission.33.id": "46a301e4-ec5c-11ea-aa9f-87282b3a50cc",
            "permission.33.name": "metric_tags_write",
            "permission.34.id": "479d4934-79e2-11ef-98d5-da7ad0900002",
            "permission.34.name": "quality_gates_evaluations_read",
            "permission.35.id": "48ef71ea-d8b1-11e9-a77a-93f408470ad0",
            "permission.35.name": "monitors_write",
            "permission.36.id": "4916eebe-2dce-11eb-84c0-271cb2c672e8",
            "permission.36.name": "apm_service_ingest_read",
            "permission.37.id": "4ada6e36-f923-11ea-adbc-0788e5c5e3cf",
            "permission.37.name": "synthetics_global_variable_write",
            "permission.38.id": "4d87d5f8-d8b1-11e9-a77a-eb9c8350d04f",
            "permission.38.name": "monitors_downtime",
            "permission.39.id": "4dc3eec6-b468-11ed-8539-da7ad0900002",
            "permission.39.name": "incident_notification_settings_read",
            "permission.4.id": "12efc20f-d36c-11eb-a9b8-da7ad0900002",
            "permission.4.name": "incident_settings_read",
            "permission.40.id": "4dc4094c-b468-11ed-853a-da7ad0900002",
            "permission.40.name": "incident_notification_settings_write",
            "permission.41.id": "4e61a95e-de98-11ed-aa23-da7ad0900002",
            "permission.41.name": "client_tokens_read",
            "permission.42.id": "4e61ea18-de98-11ed-aa24-da7ad0900002",
            "permission.42.name": "client_tokens_write",
            "permission.43.id": "4ee5731c-55d9-11ed-b10b-da7ad0900002",
            "permission.43.name": "appsec_activation_read",
            "permission.44.id": "4ee60688-55d9-11ed-b10c-da7ad0900002",
            "permission.44.name": "appsec_activation_write",
            "permission.45.id": "4ee674f6-55d9-11ed-b10d-da7ad0900002",
            "permission.45.name": "appsec_protect_read",
            "permission.46.id": "4ee7e46c-55d9-11ed-b10e-da7ad0900002",
            "permission.46.name": "appsec_protect_write",
            "permission.47.id": "5025ee24-f923-11ea-adbc-576ea241df8d",
            "permission.47.name": "synthetics_read",
            "permission.48.id": "503d01ea-751b-11ef-85ac-da7ad0900002",
            "permission.48.name": "connection_groups_write",
            "permission.49.id": "50c173fc-e54d-11ee-bb23-da7ad0900002",
            "permission.49.name": "on_prem_runner_read",
            "permission.5.id": "12efc210-d36c-11eb-a9b8-da7ad0900002",
            "permission.5.name": "incident_settings_write",
            "permission.50.id": "50c1dd10-e54d-11ee-bb24-da7ad0900002",
            "permission.50.name": "on_prem_runner_use",
            "permission.51.id": "5377e20c-6563-11ef-bd11-da7ad0900002",
            "permission.51.name": "observability_pipelines_capture_read",
            "permission.52.id": "53784710-6563-11ef-bd12-da7ad0900002",
            "permission.52.name": "observability_pipelines_capture_write",
            "permission.53.id": "55f4b5ec-f923-11ea-adbc-1bfa2334a755",
            "permission.53.name": "synthetics_write",
            "permission.54.id": "58b412cc-ff6d-11eb-bc9c-da7ad0900002",
            "permission.54.name": "security_monitoring_signals_write",
            "permission.55.id": "5bc0cdea-b732-11ef-b2f0-da7ad0900002",
            "permission.55.name": "dashboards_invite_share",
            "permission.56.id": "5bc15422-b732-11ef-b2f1-da7ad0900002",
            "permission.56.name": "dashboards_embed_share",
            "permission.57.id": "5bc15562-b732-11ef-b2f2-da7ad0900002",
            "permission.57.name": "embeddable_graphs_share",
            "permission.58.id": "5c6b88e2-f923-11ea-adbc-abf57d079420",
            "permission.58.name": "synthetics_default_settings_read",
            "permission.59.id": "5dffba8a-66f6-11ef-8976-da7ad0900002",
            "permission.59.name": "security_pipelines_read",
            "permission.6.id": "12efc211-d36c-11eb-a9b8-da7ad0900002",
            "permission.6.name": "incident_write",
            "permission.60.id": "5e605652-dd12-11e8-9e53-375565b8970e",
            "permission.60.name": "logs_read_index_data",
            "permission.61.id": "61765026-2dce-11eb-84c0-833e230d1b8f",
            "permission.61.name": "apm_primary_operation_write",
            "permission.62.id": "61f9891a-0070-11ee-9c3f-da7ad0900002",
            "permission.62.name": "ci_visibility_pipelines_write",
            "permission.63.id": "62cc036c-dd12-11e8-9e54-db9995643092",
            "permission.63.name": "logs_modify_indexes",
            "permission.64.id": "642eebe6-f923-11ea-adbc-eb617674ea04",
            "permission.64.name": "synthetics_default_settings_write",
            "permission.65.id": "6595b70a-b7fe-11ef-977d-da7ad0900002",
            "permission.65.name": "logs_read_workspaces",
            "permission.66.id": "6596753c-b7fe-11ef-977e-da7ad0900002",
            "permission.66.name": "logs_write_workspaces",
            "permission.67.id": "66c075bc-e296-11ef-bba7-da7ad0900002",
            "permission.67.name": "on_call_respond",
            "permission.68.id": "6ba32d22-0e1a-11eb-ba44-bf9a5aafaa39",
            "permission.68.name": "logs_write_facets",
            "permission.69.id": "6c5b7428-7aff-11ed-a5ce-da7ad0900002",
            "permission.69.name": "ci_visibility_settings_write",
            "permission.7.id": "1377d9e4-0ec7-11ee-aebc-da7ad0900002",
            "permission.7.name": "quality_gate_rules_read",
            "permission.70.id": "6c5c1090-7aff-11ed-a5cf-da7ad0900002",
            "permission.70.name": "ci_visibility_write",
            "permission.71.id": "6c5c79b2-21a4-11ee-99ee-da7ad0900002",
            "permission.71.name": "agent_flare_collection",
            "permission.72.id": "6c87d3da-e5c5-11ec-b1d6-da7ad0900002",
            "permission.72.name": "generate_dashboard_reports",
            "permission.73.id": "6f66600e-dd12-11e8-9e55-7f30fbb45e73",
            "permission.73.name": "logs_live_tail",
            "permission.74.id": "722ecc08-036d-11f0-8484-da7ad0900002",
            "permission.74.name": "cloudcraft_read",
            "permission.75.id": "7314eb20-aa58-11ea-95e2-6fb6e4a451d5",
            "permission.75.name": "security_monitoring_rules_read",
            "permission.76.id": "7605ef25-f376-11eb-b90b-da7ad0900002",
            "permission.76.name": "rum_session_replay_read",
            "permission.77.id": "77d55a44-7a5a-11ed-8abe-da7ad0900002",
            "permission.77.name": "apm_remote_configuration_read",
            "permission.78.id": "785177a6-20da-11ee-bed7-da7ad0900002",
            "permission.78.name": "processes_generate_metrics",
            "permission.79.id": "7b1f5086-c59e-11ec-aa32-da7ad0900002",
            "permission.79.name": "aws_configurations_manage",
            "permission.8.id": "1af86ce4-7823-11ea-93dc-d7cad1b1c6cb",
            "permission.8.name": "logs_read_data",
            "permission.80.id": "7b1f5087-c59e-11ec-aa32-da7ad0900002",
            "permission.80.name": "gcp_configurations_manage",
            "permission.81.id": "7b1f5088-c59e-11ec-aa32-da7ad0900002",
            "permission.81.name": "azure_configurations_manage",
            "permission.82.id": "7b1f5089-c59e-11ec-aa32-da7ad0900002",
            "permission.82.name": "manage_integrations",
            "permission.83.id": "7b516476-aa58-11ea-95e2-93718cd56369",
            "permission.83.name": "security_monitoring_rules_write",
            "permission.84.id": "7d7c98ac-dd12-11e8-9e56-93700598622d",
            "permission.84.name": "logs_write_exclusion_filters",
            "permission.85.id": "8079f2e6-2724-11ee-84eb-da7ad0900002",
            "permission.85.name": "org_connections_read",
            "permission.86.id": "80de1ec0-aa58-11ea-95e2-aff381626d5d",
            "permission.86.name": "security_monitoring_signals_read",
            "permission.87.id": "80f0e58e-4bb4-11f0-af97-da7ad0900002",
            "permission.87.name": "cases_shared_settings_write",
            "permission.88.id": "8106300a-54f7-11eb-8cbc-7781a434a67b",
            "permission.88.name": "rum_apps_write",
            "permission.89.id": "811ac4ca-dd12-11e8-9e57-676a7f0beef9",
            "permission.89.name": "logs_write_pipelines",
            "permission.9.id": "1b572396-ba15-11ee-9e19-da7ad0900002",
            "permission.9.name": "integrations_read",
            "permission.90.id": "8247acc4-7a4c-11ed-958f-da7ad0900002",
            "permission.90.name": "cases_read",
            "permission.91.id": "824851a6-7a4c-11ed-9590-da7ad0900002",
            "permission.91.name": "cases_write",
            "permission.92.id": "8352cf04-f6ac-11ed-9ec7-da7ad0900002",
            "permission.92.name": "event_config_write",
            "permission.93.id": "84aa3ae4-dd12-11e8-9e58-a373a514ccd0",
            "permission.93.name": "logs_write_processors",
            "permission.94.id": "8b6adbea-e8c8-11ef-9955-da7ad0900002",
            "permission.94.name": "serverless_aws_instrumentation_read",
            "permission.95.id": "8babfb74-a90e-11ef-b4c3-da7ad0900002",
            "permission.95.name": "security_comments_write",
            "permission.96.id": "8baca0ba-a90e-11ef-b4c4-da7ad0900002",
            "permission.96.name": "security_comments_read",
            "permission.97.id": "8c3a9cde-0973-11ef-a2be-da7ad0900002",
            "permission.97.name": "llm_observability_read",
            "permission.98.id": "8da487f0-d2af-11ef-91c8-da7ad0900002",
            "permission.98.name": "logs_read_config",
            "permission.99.id": "8e4d6b6e-5750-11ec-a9f4-da7ad0900002",
            "permission.99.name": "apm_pipelines_read",
            "user_count": "0"
          },
          "sensitive_attributes": [],
          "identity_schema_version": 0
        }
      ]
    },
    {
      "mode": "managed",
      "type": "datadog_role",
      "name": "role_d420d5ec-5678-11f0-8b66-da7ad0900002",
      "provider": "provider[\"registry.terraform.io/datadog/datadog\"]",
      "instances": [
        {
          "schema_version": 0,
          "attributes_flat": {
            "id": "d420d5ec-5678-11f0-8b66-da7ad0900002",
            "name": "Datadog Read Only Role",
            "permission.#": "60",
            "permission.0.id": "1377d9e4-0ec7-11ee-aebc-da7ad0900002",
            "permission.0.name": "quality_gate_rules_read",
            "permission.1.id": "1af86ce4-7823-11ea-93dc-d7cad1b1c6cb",
            "permission.1.name": "logs_read_data",
            "permission.10.id": "4ee674f6-55d9-11ed-b10d-da7ad0900002",
            "permission.10.name": "appsec_protect_read",
            "permission.11.id": "5025ee24-f923-11ea-adbc-576ea241df8d",
            "permission.11.name": "synthetics_read",
            "permission.12.id": "50c173fc-e54d-11ee-bb23-da7ad0900002",
            "permission.12.name": "on_prem_runner_read",
            "permission.13.id": "5377e20c-6563-11ef-bd11-da7ad0900002",
            "permission.13.name": "observability_pipelines_capture_read",
            "permission.14.id": "5dffba8a-66f6-11ef-8976-da7ad0900002",
            "permission.14.name": "security_pipelines_read",
            "permission.15.id": "5e605652-dd12-11e8-9e53-375565b8970e",
            "permission.15.name": "logs_read_index_data",
            "permission.16.id": "6595b70a-b7fe-11ef-977d-da7ad0900002",
            "permission.16.name": "logs_read_workspaces",
            "permission.17.id": "6f66600e-dd12-11e8-9e55-7f30fbb45e73",
            "permission.17.name": "logs_live_tail",
            "permission.18.id": "722ecc08-036d-11f0-8484-da7ad0900002",
            "permission.18.name": "cloudcraft_read",
            "permission.19.id": "7314eb20-aa58-11ea-95e2-6fb6e4a451d5",
            "permission.19.name": "security_monitoring_rules_read",
            "permission.2.id": "1c23f168-da90-11ef-910a-da7ad0900002",
            "permission.2.name": "on_call_read",
            "permission.20.id": "7605ef25-f376-11eb-b90b-da7ad0900002",
            "permission.20.name": "rum_session_replay_read",
            "permission.21.id": "8079f2e6-2724-11ee-84eb-da7ad0900002",
            "permission.21.name": "org_connections_read",
            "permission.22.id": "80de1ec0-aa58-11ea-95e2-aff381626d5d",
            "permission.22.name": "security_monitoring_signals_read",
            "permission.23.id": "8247acc4-7a4c-11ed-958f-da7ad0900002",
            "permission.23.name": "cases_read",
            "permission.24.id": "8b6adbea-e8c8-11ef-9955-da7ad0900002",
            "permission.24.name": "serverless_aws_instrumentation_read",
            "permission.25.id": "8baca0ba-a90e-11ef-b4c4-da7ad0900002",
            "permission.25.name": "security_comments_read",
            "permission.26.id": "8c3a9cde-0973-11ef-a2be-da7ad0900002",
            "permission.26.name": "llm_observability_read",
            "permission.27.id": "8da487f0-d2af-11ef-91c8-da7ad0900002",
            "permission.27.name": "logs_read_config",
            "permission.28.id": "8e4d6b6e-5750-11ec-a9f4-da7ad0900002",
            "permission.28.name": "apm_pipelines_read",
            "permission.29.id": "945b3bb4-5884-11ec-aa6d-da7ad0900002",
            "permission.29.name": "observability_pipelines_read",
            "permission.3.id": "3c4eb438-2693-11f0-8a2e-da7ad0900002",
            "permission.3.name": "sheets_read",
            "permission.30.id": "961a20c4-e813-11ef-812f-da7ad0900002",
            "permission.30.name": "process_tags_read",
            "permission.31.id": "961ab99e-e813-11ef-8131-da7ad0900002",
            "permission.31.name": "network_connections_read",
            "permission.32.id": "9727b526-2530-11f0-aa8f-da7ad0900002",
            "permission.32.name": "bits_investigations_read",
            "permission.33.id": "97971c1c-e895-11eb-b13c-da7ad0900002",
            "permission.33.name": "appsec_event_rule_read",
            "permission.34.id": "98b984f4-b16d-11eb-a2c6-da7ad0900002",
            "permission.34.name": "security_monitoring_filters_read",
            "permission.35.id": "9c6b2fd2-2160-11f0-a4bc-da7ad0900002",
            "permission.35.name": "ndm_devices_read",
            "permission.36.id": "9c6bfe80-2160-11f0-a4be-da7ad0900002",
            "permission.36.name": "orchestration_workload_scaling_read",
            "permission.37.id": "a2869476-f611-11ef-850d-da7ad0900002",
            "permission.37.name": "coterm_read",
            "permission.38.id": "a773e3d8-fff2-11ed-965c-da7ad0900002",
            "permission.38.name": "cloud_cost_management_read",
            "permission.39.id": "a8c986a6-989a-11ef-873e-da7ad0900002",
            "permission.39.name": "disaster_recovery_status_read",
            "permission.4.id": "3cf14194-2298-11ef-9d71-da7ad0900002",
            "permission.4.name": "reference_tables_read",
            "permission.40.id": "a91ee0ba-8184-11ef-ac5a-da7ad0900002",
            "permission.40.name": "rum_retention_filters_read",
            "permission.41.id": "b382b982-8535-11ea-93de-2bf1bdf20798",
            "permission.41.name": "logs_read_archives",
            "permission.42.id": "bc3f9ed4-8a3d-11ef-b5a4-da7ad0900002",
            "permission.42.name": "ddsql_editor_read",
            "permission.43.id": "bccba216-cd37-11ef-b636-da7ad0900002",
            "permission.43.name": "audience_management_read",
            "permission.44.id": "bdc2acbe-7c1f-11ef-b362-da7ad0900002",
            "permission.44.name": "connection_groups_read",
            "permission.45.id": "bdda0cea-c1f0-11ee-b427-da7ad0900002",
            "permission.45.name": "apm_api_catalog_read",
            "permission.46.id": "bf446b0a-60ad-11ef-83c4-da7ad0900002",
            "permission.46.name": "apps_datastore_read",
            "permission.47.id": "c13a2368-7d61-11ed-b5b7-da7ad0900002",
            "permission.47.name": "continuous_profiler_read",
            "permission.48.id": "c6d3a3e0-df47-11ef-abf4-da7ad0900002",
            "permission.48.name": "error_tracking_read",
            "permission.49.id": "c95412b8-16c7-11ec-85c0-da7ad0900002",
            "permission.49.name": "security_monitoring_notification_profiles_read",
            "permission.5.id": "43fa188e-2dce-11eb-84c0-835ad1fd6287",
            "permission.5.name": "apm_retention_filter_read",
            "permission.50.id": "ce67705a-5419-11ef-8c73-da7ad0900002",
            "permission.50.name": "code_analysis_read",
            "permission.51.id": "de0e73c2-3d23-11ee-aa7d-da7ad0900002",
            "permission.51.name": "security_monitoring_suppressions_read",
            "permission.52.id": "e540c5c8-3a65-11f0-8690-da7ad0900002",
            "permission.52.name": "code_coverage_read",
            "permission.53.id": "ebaf0448-9d16-11ef-9397-da7ad0900002",
            "permission.53.name": "test_optimization_read",
            "permission.54.id": "edfd5e75-801f-11eb-96d8-da7ad0900002",
            "permission.54.name": "debugger_read",
            "permission.55.id": "ee68fba8-173a-11ed-b00b-da7ad0900002",
            "permission.55.name": "apm_service_catalog_read",
            "permission.56.id": "f4473c60-4792-11ec-a27b-da7ad0900002",
            "permission.56.name": "security_monitoring_cws_agent_rules_read",
            "permission.57.id": "f5f475d4-0197-11ef-be1f-da7ad0900002",
            "permission.57.name": "continuous_profiler_pgo_read",
            "permission.58.id": "f6e917a6-8502-11ec-bf20-da7ad0900002",
            "permission.58.name": "connections_read",
            "permission.59.id": "f6e917a8-8502-11ec-bf20-da7ad0900002",
            "permission.59.name": "workflows_read",
            "permission.6.id": "479d4934-79e2-11ef-98d5-da7ad0900002",
            "permission.6.name": "quality_gates_evaluations_read",
            "permission.7.id": "4916eebe-2dce-11eb-84c0-271cb2c672e8",
            "permission.7.name": "apm_service_ingest_read",
            "permission.8.id": "4e61a95e-de98-11ed-aa23-da7ad0900002",
            "permission.8.name": "client_tokens_read",
            "permission.9.id": "4ee5731c-55d9-11ed-b10b-da7ad0900002",
            "permission.9.name": "appsec_activation_read",
            "user_count": "1"
          },
          "sensitive_attributes": [],
          "identity_schema_version": 0
        }
      ]
    }
  ],
  "check_results": null
}
