{
  "version": 4,
  "terraform_version": "1.12.2",
  "serial": 2,
  "lineage": "2718b44a-7b2f-3352-4d5f-af0409e40106",
  "outputs": {
    "datadog_logs_index_logs_index_main_id": {
      "value": "main",
      "type": "string"
    }
  },
  "resources": [
    {
      "mode": "managed",
      "type": "datadog_logs_index",
      "name": "logs_index_main",
      "provider": "provider[\"registry.terraform.io/datadog/datadog\"]",
      "instances": [
        {
          "schema_version": 0,
          "attributes_flat": {
            "daily_limit": "0",
            "disable_daily_limit": "true",
            "exclusion_filter.#": "0",
            "filter.#": "1",
            "filter.0.query": "",
            "id": "main",
            "name": "main",
            "retention_days": "15"
          },
          "sensitive_attributes": [],
          "identity_schema_version": 0
        }
      ]
    }
  ],
  "check_results": null
}
