{
  "version": 4,
  "terraform_version": "1.12.2",
  "serial": 2,
  "lineage": "2fafd2e0-25aa-9f1e-969a-f663c80b1f47",
  "outputs": {
    "datadog_logs_pipeline_order_logs_pipeline_order_20250730194110_id": {
      "value": "logs_pipeline_order_20250730194110",
      "type": "string"
    }
  },
  "resources": [
    {
      "mode": "managed",
      "type": "datadog_logs_pipeline_order",
      "name": "logs_pipeline_order_20250730194110",
      "provider": "provider[\"registry.terraform.io/datadog/datadog\"]",
      "instances": [
        {
          "schema_version": 0,
          "attributes_flat": {
            "id": "logs_pipeline_order_20250730194110",
            "name": "logs_pipeline_order_20250730194110",
            "pipelines.#": "8",
            "pipelines.0": "yG4j9ivuRQCQjw5xlgWnUw",
            "pipelines.1": "l7u6p8d9SoO7_LwyfABtFQ",
            "pipelines.2": "6nZmKhUARq6atmDwCObsnA",
            "pipelines.3": "REL-PjMRTRa1bzSaEwQnnA",
            "pipelines.4": "fJV--4rqRFy-pyIuB5k_QQ",
            "pipelines.5": "MofTr6T2QOWFeC4ChxjXHQ",
            "pipelines.6": "Mj44HnC5SpKTXGP2MCGSNg",
            "pipelines.7": "BbtuV5VoTWOoOS5iEgRg7A"
          },
          "sensitive_attributes": [],
          "identity_schema_version": 0
        }
      ]
    }
  ],
  "check_results": null
}
